	<Project xmlns="http://schemas.microsoft.com/developer/msbuild/2003">
		<PropertyGroup>
			<ProjectGuid>{4AB0465D-68EE-4145-B3DB-240991C8E974}</ProjectGuid>
			<MainSource>calllog_asterisk.dpr</MainSource>
			<ProjectVersion>12.2</ProjectVersion>
			<Base>True</Base>
			<Config Condition="'$(Config)'==''">Debug</Config>
			<Platform>Win32</Platform>
			<AppType>Application</AppType>
			<FrameworkType>VCL</FrameworkType>
			<DCC_DCCCompiler>DCC32</DCC_DCCCompiler>
		</PropertyGroup>
		<PropertyGroup Condition="'$(Config)'=='Base' or '$(Base)'!=''">
			<Base>true</Base>
		</PropertyGroup>
		<PropertyGroup Condition="'$(Config)'=='Debug' or '$(Cfg_1)'!=''">
			<Cfg_1>true</Cfg_1>
			<CfgParent>Base</CfgParent>
			<Base>true</Base>
		</PropertyGroup>
		<PropertyGroup Condition="'$(Config)'=='Release' or '$(Cfg_2)'!=''">
			<Cfg_2>true</Cfg_2>
			<CfgParent>Base</CfgParent>
			<Base>true</Base>
		</PropertyGroup>
		<PropertyGroup Condition="'$(Base)'!=''">
			<DCC_ImageBase>00400000</DCC_ImageBase>
			<DCC_DcuOutput>.\$(Config)\$(Platform)</DCC_DcuOutput>
			<DCC_UnitAlias>WinTypes=Windows;WinProcs=Windows;DbiTypes=BDE;DbiProcs=BDE;$(DCC_UnitAlias)</DCC_UnitAlias>
			<DCC_ExeOutput>.\$(Config)\$(Platform)</DCC_ExeOutput>
			<DCC_E>false</DCC_E>
			<DCC_N>false</DCC_N>
			<DCC_S>false</DCC_S>
			<DCC_F>false</DCC_F>
			<DCC_K>false</DCC_K>
		</PropertyGroup>
		<PropertyGroup Condition="'$(Cfg_1)'!=''">
			<DCC_UnitSearchPath>.\bin\debug;.\include;$(DCC_UnitSearchPath)</DCC_UnitSearchPath>
			<DCC_ExeOutput>.\bin\debug</DCC_ExeOutput>
			<DCC_BplOutput>.\bin\debug</DCC_BplOutput>
			<DCC_DcuOutput>.\bin\debug</DCC_DcuOutput>
			<DCC_DcpOutput>.\bin\debug</DCC_DcpOutput>
			<DCC_Define>DEBUG;$(DCC_Define)</DCC_Define>
			<DCC_Optimize>false</DCC_Optimize>
			<DCC_GenerateStackFrames>true</DCC_GenerateStackFrames>
		</PropertyGroup>
		<PropertyGroup Condition="'$(Cfg_2)'!=''">
			<DCC_UnitSearchPath>.\bin\release;.\include;$(DCC_UnitSearchPath)</DCC_UnitSearchPath>
			<DCC_ExeOutput>.\bin\release</DCC_ExeOutput>
			<DCC_BplOutput>.\bin\release</DCC_BplOutput>
			<DCC_DcuOutput>.\bin\release</DCC_DcuOutput>
			<DCC_DcpOutput>.\bin\release</DCC_DcpOutput>
			<DCC_LocalDebugSymbols>false</DCC_LocalDebugSymbols>
			<DCC_Define>RELEASE;$(DCC_Define)</DCC_Define>
			<DCC_SymbolReferenceInfo>0</DCC_SymbolReferenceInfo>
			<DCC_DebugInformation>false</DCC_DebugInformation>
		</PropertyGroup>
		<ItemGroup>
			<DelphiCompile Include="calllog_asterisk.dpr">
				<MainSource>MainSource</MainSource>
			</DelphiCompile>
			<DCCReference Include="mainform.pas">
				<Form>main</Form>
			</DCCReference>
			<DCCReference Include="tools.pas"/>
			<DCCReference Include="vars.pas"/>
			<DCCReference Include="loginform.pas">
				<Form>login</Form>
			</DCCReference>
			<DCCReference Include="descriptionform.pas">
				<Form>form_description</Form>
			</DCCReference>
			<DCCReference Include="stringhash.pas"/>
			<RcItem Include="image\bg\bg_bmp_144.bmp">
				<ResourceType>BITMAP</ResourceType>
				<ResourceId>bg</ResourceId>
			</RcItem>
			<RcItem Include="image\buttons\cross.bmp">
				<ResourceType>BITMAP</ResourceType>
				<ResourceId>cross</ResourceId>
			</RcItem>
			<RcItem Include="image\buttons\mute_off_bmp.bmp">
				<ResourceType>BITMAP</ResourceType>
				<ResourceId>mute_off</ResourceId>
			</RcItem>
			<RcItem Include="image\buttons\mute_on_bmp.bmp">
				<ResourceType>BITMAP</ResourceType>
				<ResourceId>mute_on</ResourceId>
			</RcItem>
			<RcItem Include="image\buttons\pause_off_bmp.bmp">
				<ResourceType>BITMAP</ResourceType>
				<ResourceId>pause_off</ResourceId>
			</RcItem>
			<RcItem Include="image\buttons\pause_on_bmp.bmp">
				<ResourceType>BITMAP</ResourceType>
				<ResourceId>pause_on</ResourceId>
			</RcItem>
			<RcItem Include="image\buttons\unknown.bmp">
				<ResourceType>BITMAP</ResourceType>
				<ResourceId>unknown</ResourceId>
			</RcItem>
			<RcItem Include="image\tray\tray_blue_icon.ico">
				<ResourceType>ICON</ResourceType>
				<ResourceId>tray_blue</ResourceId>
			</RcItem>
			<RcItem Include="image\tray\tray_green_icon.ico">
				<ResourceType>ICON</ResourceType>
				<ResourceId>tray_green</ResourceId>
			</RcItem>
			<RcItem Include="image\tray\tray_orange_icon.ico">
				<ResourceType>ICON</ResourceType>
				<ResourceId>tray_orange</ResourceId>
			</RcItem>
			<RcItem Include="image\tray\tray_red_icon.ico">
				<ResourceType>ICON</ResourceType>
				<ResourceId>tray_red</ResourceId>
			</RcItem>
			<BuildConfiguration Include="Release">
				<Key>Cfg_2</Key>
				<CfgParent>Base</CfgParent>
			</BuildConfiguration>
			<BuildConfiguration Include="Base">
				<Key>Base</Key>
			</BuildConfiguration>
			<BuildConfiguration Include="Debug">
				<Key>Cfg_1</Key>
				<CfgParent>Base</CfgParent>
			</BuildConfiguration>
		</ItemGroup>
		<Import Condition="Exists('$(BDS)\Bin\CodeGear.Delphi.Targets')" Project="$(BDS)\Bin\CodeGear.Delphi.Targets"/>
		<Import Condition="Exists('$(APPDATA)\Embarcadero\$(BDSAPPDATABASEDIR)\8.0\UserTools.proj')" Project="$(APPDATA)\Embarcadero\$(BDSAPPDATABASEDIR)\8.0\UserTools.proj"/>
		<ProjectExtensions>
			<Borland.Personality>Delphi.Personality.12</Borland.Personality>
			<Borland.ProjectType/>
			<BorlandProject>
				<Delphi.Personality>
					<VersionInfo>
						<VersionInfo Name="IncludeVerInfo">True</VersionInfo>
						<VersionInfo Name="AutoIncBuild">True</VersionInfo>
						<VersionInfo Name="MajorVer">1</VersionInfo>
						<VersionInfo Name="MinorVer">0</VersionInfo>
						<VersionInfo Name="Release">0</VersionInfo>
						<VersionInfo Name="Build">51</VersionInfo>
						<VersionInfo Name="Debug">False</VersionInfo>
						<VersionInfo Name="PreRelease">False</VersionInfo>
						<VersionInfo Name="Special">False</VersionInfo>
						<VersionInfo Name="Private">False</VersionInfo>
						<VersionInfo Name="DLL">False</VersionInfo>
						<VersionInfo Name="Locale">1049</VersionInfo>
						<VersionInfo Name="CodePage">1251</VersionInfo>
					</VersionInfo>
					<VersionInfoKeys>
						<VersionInfoKeys Name="CompanyName"/>
						<VersionInfoKeys Name="FileDescription"/>
						<VersionInfoKeys Name="FileVersion">1.0.0.51</VersionInfoKeys>
						<VersionInfoKeys Name="InternalName"/>
						<VersionInfoKeys Name="LegalCopyright"/>
						<VersionInfoKeys Name="LegalTrademarks"/>
						<VersionInfoKeys Name="OriginalFilename"/>
						<VersionInfoKeys Name="ProductName"/>
						<VersionInfoKeys Name="ProductVersion">1.0.0.0</VersionInfoKeys>
						<VersionInfoKeys Name="Comments"/>
					</VersionInfoKeys>
					<Source>
						<Source Name="MainSource">calllog_asterisk.dpr</Source>
					</Source>
				</Delphi.Personality>
				<Platforms>
					<Platform value="Win32">True</Platform>
				</Platforms>
				<ModelSupport>False</ModelSupport>
			</BorlandProject>
			<ProjectFileVersion>12</ProjectFileVersion>
		</ProjectExtensions>
	</Project>
